// !$*UTF8*$!
{
	archiveVersion = 1;
	classes = {
	};
	objectVersion = 46;
	objects = {

/* Begin PBXBuildFile section */
		2B08E75F14636580009D2561 /* StrikeCell.xib in Resources */ = {isa = PBXBuildFile; fileRef = 2B08E75E14636580009D2561 /* StrikeCell.xib */; };
		2B47860114B762CC00C62761 /* Canceled.png in Resources */ = {isa = PBXBuildFile; fileRef = 2B4785FF14B762CC00C62761 /* Canceled.png */; };
		2B47860214B762CC00C62761 /* Canceled@2x.png in Resources */ = {isa = PBXBuildFile; fileRef = 2B47860014B762CC00C62761 /* Canceled@2x.png */; };
		2B47860614B770F500C62761 /* HGMaybeStrikeThroughLabel.m in Sources */ = {isa = PBXBuildFile; fileRef = 2B47860514B770F500C62761 /* HGMaybeStrikeThroughLabel.m */; };
		2B6D3966145895ED0015BEFA /* HGStrike.m in Sources */ = {isa = PBXBuildFile; fileRef = 2B6D3965145895ED0015BEFA /* HGStrike.m */; };
		2B6D3967145895ED0015BEFA /* HGStrike.m in Sources */ = {isa = PBXBuildFile; fileRef = 2B6D3965145895ED0015BEFA /* HGStrike.m */; };
		2B6D396C145898700015BEFA /* HGCompany.m in Sources */ = {isa = PBXBuildFile; fileRef = 2B6D396B145898700015BEFA /* HGCompany.m */; };
		2B6D396D145898700015BEFA /* HGCompany.m in Sources */ = {isa = PBXBuildFile; fileRef = 2B6D396B145898700015BEFA /* HGCompany.m */; };
		2B6D39741458A13A0015BEFA /* HGSubmitter.m in Sources */ = {isa = PBXBuildFile; fileRef = 2B6D39731458A13A0015BEFA /* HGSubmitter.m */; };
		2B6D39751458A13A0015BEFA /* HGSubmitter.m in Sources */ = {isa = PBXBuildFile; fileRef = 2B6D39731458A13A0015BEFA /* HGSubmitter.m */; };
		2B7329F0145A0E4200EBEB56 /* HGSiteCommunicator.m in Sources */ = {isa = PBXBuildFile; fileRef = 2B7329EF145A0E4200EBEB56 /* HGSiteCommunicator.m */; };
		2B7329F1145A0E4200EBEB56 /* HGSiteCommunicator.m in Sources */ = {isa = PBXBuildFile; fileRef = 2B7329EF145A0E4200EBEB56 /* HGSiteCommunicator.m */; };
		2B7329F4145B670300EBEB56 /* HGStrikeDays.m in Sources */ = {isa = PBXBuildFile; fileRef = 2B7329F3145B670300EBEB56 /* HGStrikeDays.m */; };
		2B7329F5145B670300EBEB56 /* HGStrikeDays.m in Sources */ = {isa = PBXBuildFile; fileRef = 2B7329F3145B670300EBEB56 /* HGStrikeDays.m */; };
		2B801B2B14C4B957007A05BF /* libTestFlight.a in Frameworks */ = {isa = PBXBuildFile; fileRef = 2B801B2614C4B957007A05BF /* libTestFlight.a */; };
		2B801B2C14C4B957007A05BF /* README.txt in Resources */ = {isa = PBXBuildFile; fileRef = 2B801B2714C4B957007A05BF /* README.txt */; };
		2B801B2D14C4B957007A05BF /* release_notes.txt in Resources */ = {isa = PBXBuildFile; fileRef = 2B801B2814C4B957007A05BF /* release_notes.txt */; };
		2B801B3614C4BED3007A05BF /* Default.png in Resources */ = {isa = PBXBuildFile; fileRef = 2B801B3414C4BED2007A05BF /* Default.png */; };
		2B801B3714C4BED3007A05BF /* Default@2x.png in Resources */ = {isa = PBXBuildFile; fileRef = 2B801B3514C4BED2007A05BF /* Default@2x.png */; };
		2B922339145F6577009A0B46 /* Hagreve_iPhone.storyboard in Resources */ = {isa = PBXBuildFile; fileRef = 2B922338145F6577009A0B46 /* Hagreve_iPhone.storyboard */; };
		2BA1CB4F1450A74A00FFD02D /* UIKit.framework in Frameworks */ = {isa = PBXBuildFile; fileRef = 2BA1CB4E1450A74A00FFD02D /* UIKit.framework */; };
		2BA1CB511450A74A00FFD02D /* Foundation.framework in Frameworks */ = {isa = PBXBuildFile; fileRef = 2BA1CB501450A74A00FFD02D /* Foundation.framework */; };
		2BA1CB531450A74A00FFD02D /* CoreGraphics.framework in Frameworks */ = {isa = PBXBuildFile; fileRef = 2BA1CB521450A74A00FFD02D /* CoreGraphics.framework */; };
		2BA1CB591450A74A00FFD02D /* InfoPlist.strings in Resources */ = {isa = PBXBuildFile; fileRef = 2BA1CB571450A74A00FFD02D /* InfoPlist.strings */; };
		2BA1CB5B1450A74A00FFD02D /* main.m in Sources */ = {isa = PBXBuildFile; fileRef = 2BA1CB5A1450A74A00FFD02D /* main.m */; };
		2BA1CB5F1450A74A00FFD02D /* HGAppDelegate.m in Sources */ = {isa = PBXBuildFile; fileRef = 2BA1CB5E1450A74A00FFD02D /* HGAppDelegate.m */; };
		2BA1CB651450A74A00FFD02D /* MainStoryboard_iPad.storyboard in Resources */ = {isa = PBXBuildFile; fileRef = 2BA1CB631450A74A00FFD02D /* MainStoryboard_iPad.storyboard */; };
		2BA1CB681450A74A00FFD02D /* HGStrikeListTableViewController.m in Sources */ = {isa = PBXBuildFile; fileRef = 2BA1CB671450A74A00FFD02D /* HGStrikeListTableViewController.m */; };
		2BA1CB701450A74A00FFD02D /* SenTestingKit.framework in Frameworks */ = {isa = PBXBuildFile; fileRef = 2BA1CB6F1450A74A00FFD02D /* SenTestingKit.framework */; };
		2BA1CB711450A74A00FFD02D /* UIKit.framework in Frameworks */ = {isa = PBXBuildFile; fileRef = 2BA1CB4E1450A74A00FFD02D /* UIKit.framework */; };
		2BA1CB721450A74A00FFD02D /* Foundation.framework in Frameworks */ = {isa = PBXBuildFile; fileRef = 2BA1CB501450A74A00FFD02D /* Foundation.framework */; };
		2BA1CB7A1450A74A00FFD02D /* InfoPlist.strings in Resources */ = {isa = PBXBuildFile; fileRef = 2BA1CB781450A74A00FFD02D /* InfoPlist.strings */; };
		2BA1CB7D1450A74A00FFD02D /* Hagreve_MobileTests.m in Sources */ = {isa = PBXBuildFile; fileRef = 2BA1CB7C1450A74A00FFD02D /* Hagreve_MobileTests.m */; };
		2BAE779E14BE1B1D00D5EB6E /* blackArrow.png in Resources */ = {isa = PBXBuildFile; fileRef = 2BAE779C14BE1B1D00D5EB6E /* blackArrow.png */; };
		2BAE779F14BE1B1D00D5EB6E /* blackArrow@2x.png in Resources */ = {isa = PBXBuildFile; fileRef = 2BAE779D14BE1B1D00D5EB6E /* blackArrow@2x.png */; };
		2BAE77A614BE40B600D5EB6E /* Icon-57.png in Resources */ = {isa = PBXBuildFile; fileRef = 2BAE77A114BE40B600D5EB6E /* Icon-57.png */; };
		2BAE77A714BE40B600D5EB6E /* Icon-72.png in Resources */ = {isa = PBXBuildFile; fileRef = 2BAE77A214BE40B600D5EB6E /* Icon-72.png */; };
		2BAE77A814BE40B600D5EB6E /* Icon-114.png in Resources */ = {isa = PBXBuildFile; fileRef = 2BAE77A314BE40B600D5EB6E /* Icon-114.png */; };
		2BBC398914C5DE41004D1EFB /* Localizable.strings in Resources */ = {isa = PBXBuildFile; fileRef = 2BBC398714C5DE41004D1EFB /* Localizable.strings */; };
		2BBC398B14C5DE4B004D1EFB /* Localizable.strings in Resources */ = {isa = PBXBuildFile; fileRef = 2BBC398714C5DE41004D1EFB /* Localizable.strings */; };
		2BED31CA14BE4439008EB7DD /* Twitter.framework in Frameworks */ = {isa = PBXBuildFile; fileRef = 2BED31C914BE4439008EB7DD /* Twitter.framework */; };
		2BF912661469DD9C001D41D3 /* PullRefreshTableViewController.m in Sources */ = {isa = PBXBuildFile; fileRef = 2BF912651469DD9C001D41D3 /* PullRefreshTableViewController.m */; };
		2BF912691469DFB3001D41D3 /* QuartzCore.framework in Frameworks */ = {isa = PBXBuildFile; fileRef = 2BF912681469DFB3001D41D3 /* QuartzCore.framework */; };
		2BFAB25814BBACF900CEF357 /* HGStrikeDetailViewController.m in Sources */ = {isa = PBXBuildFile; fileRef = 2BFAB25714BBACF900CEF357 /* HGStrikeDetailViewController.m */; };
/* End PBXBuildFile section */

/* Begin PBXContainerItemProxy section */
		2BA1CB731450A74A00FFD02D /* PBXContainerItemProxy */ = {
			isa = PBXContainerItemProxy;
			containerPortal = 2BA1CB411450A74A00FFD02D /* Project object */;
			proxyType = 1;
			remoteGlobalIDString = 2BA1CB491450A74A00FFD02D;
			remoteInfo = "Hagreve Mobile";
		};
/* End PBXContainerItemProxy section */

/* Begin PBXFileReference section */
		2B08E75E14636580009D2561 /* StrikeCell.xib */ = {isa = PBXFileReference; fileEncoding = 4; lastKnownFileType = file.xib; path = StrikeCell.xib; sourceTree = "<group>"; };
		2B4785FF14B762CC00C62761 /* Canceled.png */ = {isa = PBXFileReference; lastKnownFileType = image.png; name = Canceled.png; path = Resources/Canceled.png; sourceTree = "<group>"; };
		2B47860014B762CC00C62761 /* Canceled@2x.png */ = {isa = PBXFileReference; lastKnownFileType = image.png; name = "Canceled@2x.png"; path = "Resources/Canceled@2x.png"; sourceTree = "<group>"; };
		2B47860414B770F500C62761 /* HGMaybeStrikeThroughLabel.h */ = {isa = PBXFileReference; fileEncoding = 4; lastKnownFileType = sourcecode.c.h; path = HGMaybeStrikeThroughLabel.h; sourceTree = "<group>"; };
		2B47860514B770F500C62761 /* HGMaybeStrikeThroughLabel.m */ = {isa = PBXFileReference; fileEncoding = 4; lastKnownFileType = sourcecode.c.objc; path = HGMaybeStrikeThroughLabel.m; sourceTree = "<group>"; };
		2B6D3964145895ED0015BEFA /* HGStrike.h */ = {isa = PBXFileReference; fileEncoding = 4; lastKnownFileType = sourcecode.c.h; name = HGStrike.h; path = Model/HGStrike.h; sourceTree = "<group>"; };
		2B6D3965145895ED0015BEFA /* HGStrike.m */ = {isa = PBXFileReference; fileEncoding = 4; lastKnownFileType = sourcecode.c.objc; name = HGStrike.m; path = Model/HGStrike.m; sourceTree = "<group>"; };
		2B6D396A145898700015BEFA /* HGCompany.h */ = {isa = PBXFileReference; fileEncoding = 4; lastKnownFileType = sourcecode.c.h; name = HGCompany.h; path = Model/HGCompany.h; sourceTree = "<group>"; };
		2B6D396B145898700015BEFA /* HGCompany.m */ = {isa = PBXFileReference; fileEncoding = 4; lastKnownFileType = sourcecode.c.objc; name = HGCompany.m; path = Model/HGCompany.m; sourceTree = "<group>"; };
		2B6D39721458A13A0015BEFA /* HGSubmitter.h */ = {isa = PBXFileReference; fileEncoding = 4; lastKnownFileType = sourcecode.c.h; name = HGSubmitter.h; path = Model/HGSubmitter.h; sourceTree = "<group>"; };
		2B6D39731458A13A0015BEFA /* HGSubmitter.m */ = {isa = PBXFileReference; fileEncoding = 4; lastKnownFileType = sourcecode.c.objc; name = HGSubmitter.m; path = Model/HGSubmitter.m; sourceTree = "<group>"; };
		2B7329EE145A0E4200EBEB56 /* HGSiteCommunicator.h */ = {isa = PBXFileReference; fileEncoding = 4; lastKnownFileType = sourcecode.c.h; name = HGSiteCommunicator.h; path = Communication/HGSiteCommunicator.h; sourceTree = "<group>"; };
		2B7329EF145A0E4200EBEB56 /* HGSiteCommunicator.m */ = {isa = PBXFileReference; fileEncoding = 4; lastKnownFileType = sourcecode.c.objc; name = HGSiteCommunicator.m; path = Communication/HGSiteCommunicator.m; sourceTree = "<group>"; };
		2B7329F2145B670200EBEB56 /* HGStrikeDays.h */ = {isa = PBXFileReference; fileEncoding = 4; lastKnownFileType = sourcecode.c.h; name = HGStrikeDays.h; path = Model/HGStrikeDays.h; sourceTree = "<group>"; };
		2B7329F3145B670300EBEB56 /* HGStrikeDays.m */ = {isa = PBXFileReference; fileEncoding = 4; lastKnownFileType = sourcecode.c.objc; name = HGStrikeDays.m; path = Model/HGStrikeDays.m; sourceTree = "<group>"; };
		2B801B2614C4B957007A05BF /* libTestFlight.a */ = {isa = PBXFileReference; lastKnownFileType = archive.ar; path = libTestFlight.a; sourceTree = "<group>"; };
		2B801B2714C4B957007A05BF /* README.txt */ = {isa = PBXFileReference; fileEncoding = 4; lastKnownFileType = text; path = README.txt; sourceTree = "<group>"; };
		2B801B2814C4B957007A05BF /* release_notes.txt */ = {isa = PBXFileReference; fileEncoding = 4; lastKnownFileType = text; path = release_notes.txt; sourceTree = "<group>"; };
		2B801B2914C4B957007A05BF /* TestFlight.h */ = {isa = PBXFileReference; fileEncoding = 4; lastKnownFileType = sourcecode.c.h; path = TestFlight.h; sourceTree = "<group>"; };
		2B801B3414C4BED2007A05BF /* Default.png */ = {isa = PBXFileReference; lastKnownFileType = image.png; path = Default.png; sourceTree = "<group>"; };
		2B801B3514C4BED2007A05BF /* Default@2x.png */ = {isa = PBXFileReference; lastKnownFileType = image.png; path = "Default@2x.png"; sourceTree = "<group>"; };
		2B922338145F6577009A0B46 /* Hagreve_iPhone.storyboard */ = {isa = PBXFileReference; fileEncoding = 4; lastKnownFileType = file.storyboard; path = Hagreve_iPhone.storyboard; sourceTree = "<group>"; };
		2BA1CB4A1450A74A00FFD02D /* Hagreve Mobile.app */ = {isa = PBXFileReference; explicitFileType = wrapper.application; includeInIndex = 0; path = "Hagreve Mobile.app"; sourceTree = BUILT_PRODUCTS_DIR; };
		2BA1CB4E1450A74A00FFD02D /* UIKit.framework */ = {isa = PBXFileReference; lastKnownFileType = wrapper.framework; name = UIKit.framework; path = System/Library/Frameworks/UIKit.framework; sourceTree = SDKROOT; };
		2BA1CB501450A74A00FFD02D /* Foundation.framework */ = {isa = PBXFileReference; lastKnownFileType = wrapper.framework; name = Foundation.framework; path = System/Library/Frameworks/Foundation.framework; sourceTree = SDKROOT; };
		2BA1CB521450A74A00FFD02D /* CoreGraphics.framework */ = {isa = PBXFileReference; lastKnownFileType = wrapper.framework; name = CoreGraphics.framework; path = System/Library/Frameworks/CoreGraphics.framework; sourceTree = SDKROOT; };
		2BA1CB561450A74A00FFD02D /* Hagreve Mobile-Info.plist */ = {isa = PBXFileReference; lastKnownFileType = text.plist.xml; path = "Hagreve Mobile-Info.plist"; sourceTree = "<group>"; };
		2BA1CB581450A74A00FFD02D /* en */ = {isa = PBXFileReference; lastKnownFileType = text.plist.strings; name = en; path = en.lproj/InfoPlist.strings; sourceTree = "<group>"; };
		2BA1CB5A1450A74A00FFD02D /* main.m */ = {isa = PBXFileReference; lastKnownFileType = sourcecode.c.objc; path = main.m; sourceTree = "<group>"; };
		2BA1CB5C1450A74A00FFD02D /* Hagreve Mobile-Prefix.pch */ = {isa = PBXFileReference; lastKnownFileType = sourcecode.c.h; path = "Hagreve Mobile-Prefix.pch"; sourceTree = "<group>"; };
		2BA1CB5D1450A74A00FFD02D /* HGAppDelegate.h */ = {isa = PBXFileReference; lastKnownFileType = sourcecode.c.h; path = HGAppDelegate.h; sourceTree = "<group>"; };
		2BA1CB5E1450A74A00FFD02D /* HGAppDelegate.m */ = {isa = PBXFileReference; lastKnownFileType = sourcecode.c.objc; path = HGAppDelegate.m; sourceTree = "<group>"; };
		2BA1CB641450A74A00FFD02D /* en */ = {isa = PBXFileReference; lastKnownFileType = file.storyboard; name = en; path = en.lproj/MainStoryboard_iPad.storyboard; sourceTree = "<group>"; };
		2BA1CB661450A74A00FFD02D /* HGStrikeListTableViewController.h */ = {isa = PBXFileReference; lastKnownFileType = sourcecode.c.h; path = HGStrikeListTableViewController.h; sourceTree = "<group>"; };
		2BA1CB671450A74A00FFD02D /* HGStrikeListTableViewController.m */ = {isa = PBXFileReference; lastKnownFileType = sourcecode.c.objc; path = HGStrikeListTableViewController.m; sourceTree = "<group>"; };
		2BA1CB6E1450A74A00FFD02D /* Hagreve MobileTests.octest */ = {isa = PBXFileReference; explicitFileType = wrapper.cfbundle; includeInIndex = 0; path = "Hagreve MobileTests.octest"; sourceTree = BUILT_PRODUCTS_DIR; };
		2BA1CB6F1450A74A00FFD02D /* SenTestingKit.framework */ = {isa = PBXFileReference; lastKnownFileType = wrapper.framework; name = SenTestingKit.framework; path = Library/Frameworks/SenTestingKit.framework; sourceTree = DEVELOPER_DIR; };
		2BA1CB771450A74A00FFD02D /* Hagreve MobileTests-Info.plist */ = {isa = PBXFileReference; lastKnownFileType = text.plist.xml; path = "Hagreve MobileTests-Info.plist"; sourceTree = "<group>"; };
		2BA1CB791450A74A00FFD02D /* en */ = {isa = PBXFileReference; lastKnownFileType = text.plist.strings; name = en; path = en.lproj/InfoPlist.strings; sourceTree = "<group>"; };
		2BA1CB7B1450A74A00FFD02D /* Hagreve_MobileTests.h */ = {isa = PBXFileReference; lastKnownFileType = sourcecode.c.h; path = Hagreve_MobileTests.h; sourceTree = "<group>"; };
		2BA1CB7C1450A74A00FFD02D /* Hagreve_MobileTests.m */ = {isa = PBXFileReference; lastKnownFileType = sourcecode.c.objc; path = Hagreve_MobileTests.m; sourceTree = "<group>"; };
		2BAE779C14BE1B1D00D5EB6E /* blackArrow.png */ = {isa = PBXFileReference; lastKnownFileType = image.png; name = blackArrow.png; path = Resources/blackArrow.png; sourceTree = "<group>"; };
		2BAE779D14BE1B1D00D5EB6E /* blackArrow@2x.png */ = {isa = PBXFileReference; lastKnownFileType = image.png; name = "blackArrow@2x.png"; path = "Resources/blackArrow@2x.png"; sourceTree = "<group>"; };
		2BAE77A114BE40B600D5EB6E /* Icon-57.png */ = {isa = PBXFileReference; lastKnownFileType = image.png; name = "Icon-57.png"; path = "Resources/Icon-57.png"; sourceTree = "<group>"; };
		2BAE77A214BE40B600D5EB6E /* Icon-72.png */ = {isa = PBXFileReference; lastKnownFileType = image.png; name = "Icon-72.png"; path = "Resources/Icon-72.png"; sourceTree = "<group>"; };
		2BAE77A314BE40B600D5EB6E /* Icon-114.png */ = {isa = PBXFileReference; lastKnownFileType = image.png; name = "Icon-114.png"; path = "Resources/Icon-114.png"; sourceTree = "<group>"; };
		2BBC398814C5DE41004D1EFB /* en */ = {isa = PBXFileReference; lastKnownFileType = text.plist.strings; name = en; path = en.lproj/Localizable.strings; sourceTree = "<group>"; };
		2BBC398A14C5DE4B004D1EFB /* pt */ = {isa = PBXFileReference; lastKnownFileType = text.plist.strings; name = pt; path = pt.lproj/Localizable.strings; sourceTree = "<group>"; };
		2BE261FE14657730006D3A51 /* HGUtils.h */ = {isa = PBXFileReference; fileEncoding = 4; lastKnownFileType = sourcecode.c.h; path = HGUtils.h; sourceTree = "<group>"; };
		2BED31C914BE4439008EB7DD /* Twitter.framework */ = {isa = PBXFileReference; lastKnownFileType = wrapper.framework; name = Twitter.framework; path = System/Library/Frameworks/Twitter.framework; sourceTree = SDKROOT; };
		2BF912641469DD9C001D41D3 /* PullRefreshTableViewController.h */ = {isa = PBXFileReference; fileEncoding = 4; lastKnownFileType = sourcecode.c.h; path = PullRefreshTableViewController.h; sourceTree = "<group>"; };
		2BF912651469DD9C001D41D3 /* PullRefreshTableViewController.m */ = {isa = PBXFileReference; fileEncoding = 4; lastKnownFileType = sourcecode.c.objc; path = PullRefreshTableViewController.m; sourceTree = "<group>"; };
		2BF912681469DFB3001D41D3 /* QuartzCore.framework */ = {isa = PBXFileReference; lastKnownFileType = wrapper.framework; name = QuartzCore.framework; path = System/Library/Frameworks/QuartzCore.framework; sourceTree = SDKROOT; };
		2BFAB25614BBACF900CEF357 /* HGStrikeDetailViewController.h */ = {isa = PBXFileReference; fileEncoding = 4; lastKnownFileType = sourcecode.c.h; path = HGStrikeDetailViewController.h; sourceTree = "<group>"; };
		2BFAB25714BBACF900CEF357 /* HGStrikeDetailViewController.m */ = {isa = PBXFileReference; fileEncoding = 4; lastKnownFileType = sourcecode.c.objc; path = HGStrikeDetailViewController.m; sourceTree = "<group>"; };
/* End PBXFileReference section */

/* Begin PBXFrameworksBuildPhase section */
		2BA1CB471450A74A00FFD02D /* Frameworks */ = {
			isa = PBXFrameworksBuildPhase;
			buildActionMask = 2147483647;
			files = (
				2BED31CA14BE4439008EB7DD /* Twitter.framework in Frameworks */,
				2BF912691469DFB3001D41D3 /* QuartzCore.framework in Frameworks */,
				2BA1CB4F1450A74A00FFD02D /* UIKit.framework in Frameworks */,
				2BA1CB511450A74A00FFD02D /* Foundation.framework in Frameworks */,
				2BA1CB531450A74A00FFD02D /* CoreGraphics.framework in Frameworks */,
				2B801B2B14C4B957007A05BF /* libTestFlight.a in Frameworks */,
			);
			runOnlyForDeploymentPostprocessing = 0;
		};
		2BA1CB6A1450A74A00FFD02D /* Frameworks */ = {
			isa = PBXFrameworksBuildPhase;
			buildActionMask = 2147483647;
			files = (
				2BA1CB701450A74A00FFD02D /* SenTestingKit.framework in Frameworks */,
				2BA1CB711450A74A00FFD02D /* UIKit.framework in Frameworks */,
				2BA1CB721450A74A00FFD02D /* Foundation.framework in Frameworks */,
			);
			runOnlyForDeploymentPostprocessing = 0;
		};
/* End PBXFrameworksBuildPhase section */

/* Begin PBXGroup section */
		2B6D3969145898500015BEFA /* Model */ = {
			isa = PBXGroup;
			children = (
				2B7329F2145B670200EBEB56 /* HGStrikeDays.h */,
				2B7329F3145B670300EBEB56 /* HGStrikeDays.m */,
				2B6D3964145895ED0015BEFA /* HGStrike.h */,
				2B6D3965145895ED0015BEFA /* HGStrike.m */,
				2B6D396A145898700015BEFA /* HGCompany.h */,
				2B6D396B145898700015BEFA /* HGCompany.m */,
				2B6D39721458A13A0015BEFA /* HGSubmitter.h */,
				2B6D39731458A13A0015BEFA /* HGSubmitter.m */,
			);
			name = Model;
			sourceTree = "<group>";
		};
		2B7329ED145A0E2B00EBEB56 /* Communication */ = {
			isa = PBXGroup;
			children = (
				2B7329EE145A0E4200EBEB56 /* HGSiteCommunicator.h */,
				2B7329EF145A0E4200EBEB56 /* HGSiteCommunicator.m */,
			);
			name = Communication;
			sourceTree = "<group>";
		};
		2B801B2414C4B957007A05BF /* TestFlightSDK0.8.2 */ = {
			isa = PBXGroup;
			children = (
				2B801B2614C4B957007A05BF /* libTestFlight.a */,
				2B801B2714C4B957007A05BF /* README.txt */,
				2B801B2814C4B957007A05BF /* release_notes.txt */,
				2B801B2914C4B957007A05BF /* TestFlight.h */,
			);
			path = TestFlightSDK0.8.2;
			sourceTree = "<group>";
		};
		2B91537B147EDE6200C2C262 /* Resources */ = {
			isa = PBXGroup;
			children = (
				2B801B3414C4BED2007A05BF /* Default.png */,
				2B801B3514C4BED2007A05BF /* Default@2x.png */,
				2BAE77A114BE40B600D5EB6E /* Icon-57.png */,
				2BAE77A214BE40B600D5EB6E /* Icon-72.png */,
				2BAE77A314BE40B600D5EB6E /* Icon-114.png */,
				2BAE779C14BE1B1D00D5EB6E /* blackArrow.png */,
				2BAE779D14BE1B1D00D5EB6E /* blackArrow@2x.png */,
				2B4785FF14B762CC00C62761 /* Canceled.png */,
				2B47860014B762CC00C62761 /* Canceled@2x.png */,
			);
			name = Resources;
			sourceTree = "<group>";
		};
		2BA1CB3F1450A74A00FFD02D = {
			isa = PBXGroup;
			children = (
				2BA1CB541450A74A00FFD02D /* Hagreve Mobile */,
				2BA1CB751450A74A00FFD02D /* Hagreve MobileTests */,
				2BA1CB4D1450A74A00FFD02D /* Frameworks */,
				2B801B2414C4B957007A05BF /* TestFlightSDK0.8.2 */,
				2BA1CB4B1450A74A00FFD02D /* Products */,
			);
			sourceTree = "<group>";
		};
		2BA1CB4B1450A74A00FFD02D /* Products */ = {
			isa = PBXGroup;
			children = (
				2BA1CB4A1450A74A00FFD02D /* Hagreve Mobile.app */,
				2BA1CB6E1450A74A00FFD02D /* Hagreve MobileTests.octest */,
			);
			name = Products;
			sourceTree = "<group>";
		};
		2BA1CB4D1450A74A00FFD02D /* Frameworks */ = {
			isa = PBXGroup;
			children = (
				2BA1CB521450A74A00FFD02D /* CoreGraphics.framework */,
				2BA1CB501450A74A00FFD02D /* Foundation.framework */,
				2BA1CB6F1450A74A00FFD02D /* SenTestingKit.framework */,
				2BF912681469DFB3001D41D3 /* QuartzCore.framework */,
				2BED31C914BE4439008EB7DD /* Twitter.framework */,
				2BA1CB4E1450A74A00FFD02D /* UIKit.framework */,
			);
			name = Frameworks;
			sourceTree = "<group>";
		};
		2BA1CB541450A74A00FFD02D /* Hagreve Mobile */ = {
			isa = PBXGroup;
			children = (
				2BA1CB5D1450A74A00FFD02D /* HGAppDelegate.h */,
				2BA1CB5E1450A74A00FFD02D /* HGAppDelegate.m */,
				2B08E75E14636580009D2561 /* StrikeCell.xib */,
				2B922338145F6577009A0B46 /* Hagreve_iPhone.storyboard */,
				2BA1CB631450A74A00FFD02D /* MainStoryboard_iPad.storyboard */,
				2BFAB25614BBACF900CEF357 /* HGStrikeDetailViewController.h */,
				2BFAB25714BBACF900CEF357 /* HGStrikeDetailViewController.m */,
				2BA1CB661450A74A00FFD02D /* HGStrikeListTableViewController.h */,
				2BA1CB671450A74A00FFD02D /* HGStrikeListTableViewController.m */,
				2BE261FE14657730006D3A51 /* HGUtils.h */,
				2B6D3969145898500015BEFA /* Model */,
				2B7329ED145A0E2B00EBEB56 /* Communication */,
				2B91537B147EDE6200C2C262 /* Resources */,
				2BA1CB551450A74A00FFD02D /* Supporting Files */,
			);
			path = "Hagreve Mobile";
			sourceTree = "<group>";
		};
		2BA1CB551450A74A00FFD02D /* Supporting Files */ = {
			isa = PBXGroup;
			children = (
				2BBC398714C5DE41004D1EFB /* Localizable.strings */,
				2BF912641469DD9C001D41D3 /* PullRefreshTableViewController.h */,
				2BF912651469DD9C001D41D3 /* PullRefreshTableViewController.m */,
				2BA1CB561450A74A00FFD02D /* Hagreve Mobile-Info.plist */,
				2BA1CB571450A74A00FFD02D /* InfoPlist.strings */,
				2BA1CB5A1450A74A00FFD02D /* main.m */,
				2BA1CB5C1450A74A00FFD02D /* Hagreve Mobile-Prefix.pch */,
				2B47860414B770F500C62761 /* HGMaybeStrikeThroughLabel.h */,
				2B47860514B770F500C62761 /* HGMaybeStrikeThroughLabel.m */,
			);
			name = "Supporting Files";
			sourceTree = "<group>";
		};
		2BA1CB751450A74A00FFD02D /* Hagreve MobileTests */ = {
			isa = PBXGroup;
			children = (
				2BA1CB7B1450A74A00FFD02D /* Hagreve_MobileTests.h */,
				2BA1CB7C1450A74A00FFD02D /* Hagreve_MobileTests.m */,
				2BA1CB761450A74A00FFD02D /* Supporting Files */,
			);
			path = "Hagreve MobileTests";
			sourceTree = "<group>";
		};
		2BA1CB761450A74A00FFD02D /* Supporting Files */ = {
			isa = PBXGroup;
			children = (
				2BA1CB771450A74A00FFD02D /* Hagreve MobileTests-Info.plist */,
				2BA1CB781450A74A00FFD02D /* InfoPlist.strings */,
			);
			name = "Supporting Files";
			sourceTree = "<group>";
		};
/* End PBXGroup section */

/* Begin PBXNativeTarget section */
		2BA1CB491450A74A00FFD02D /* Hagreve Mobile */ = {
			isa = PBXNativeTarget;
			buildConfigurationList = 2BA1CB801450A74A00FFD02D /* Build configuration list for PBXNativeTarget "Hagreve Mobile" */;
			buildPhases = (
				2BA1CB461450A74A00FFD02D /* Sources */,
				2BA1CB471450A74A00FFD02D /* Frameworks */,
				2BA1CB481450A74A00FFD02D /* Resources */,
			);
			buildRules = (
			);
			dependencies = (
			);
			name = "Hagreve Mobile";
			productName = "Hagreve Mobile";
			productReference = 2BA1CB4A1450A74A00FFD02D /* Hagreve Mobile.app */;
			productType = "com.apple.product-type.application";
		};
		2BA1CB6D1450A74A00FFD02D /* Hagreve MobileTests */ = {
			isa = PBXNativeTarget;
			buildConfigurationList = 2BA1CB831450A74A00FFD02D /* Build configuration list for PBXNativeTarget "Hagreve MobileTests" */;
			buildPhases = (
				2BA1CB691450A74A00FFD02D /* Sources */,
				2BA1CB6A1450A74A00FFD02D /* Frameworks */,
				2BA1CB6B1450A74A00FFD02D /* Resources */,
				2BA1CB6C1450A74A00FFD02D /* ShellScript */,
			);
			buildRules = (
			);
			dependencies = (
				2BA1CB741450A74A00FFD02D /* PBXTargetDependency */,
			);
			name = "Hagreve MobileTests";
			productName = "Hagreve MobileTests";
			productReference = 2BA1CB6E1450A74A00FFD02D /* Hagreve MobileTests.octest */;
			productType = "com.apple.product-type.bundle";
		};
/* End PBXNativeTarget section */

/* Begin PBXProject section */
		2BA1CB411450A74A00FFD02D /* Project object */ = {
			isa = PBXProject;
			attributes = {
				LastUpgradeCheck = 0420;
			};
			buildConfigurationList = 2BA1CB441450A74A00FFD02D /* Build configuration list for PBXProject "Hagreve Mobile" */;
			compatibilityVersion = "Xcode 3.2";
			developmentRegion = English;
			hasScannedForEncodings = 0;
			knownRegions = (
				en,
				pt,
			);
			mainGroup = 2BA1CB3F1450A74A00FFD02D;
			productRefGroup = 2BA1CB4B1450A74A00FFD02D /* Products */;
			projectDirPath = "";
			projectRoot = "";
			targets = (
				2BA1CB491450A74A00FFD02D /* Hagreve Mobile */,
				2BA1CB6D1450A74A00FFD02D /* Hagreve MobileTests */,
			);
		};
/* End PBXProject section */

/* Begin PBXResourcesBuildPhase section */
		2BA1CB481450A74A00FFD02D /* Resources */ = {
			isa = PBXResourcesBuildPhase;
			buildActionMask = 2147483647;
			files = (
				2BA1CB591450A74A00FFD02D /* InfoPlist.strings in Resources */,
				2BA1CB651450A74A00FFD02D /* MainStoryboard_iPad.storyboard in Resources */,
				2B922339145F6577009A0B46 /* Hagreve_iPhone.storyboard in Resources */,
				2B08E75F14636580009D2561 /* StrikeCell.xib in Resources */,
				2B47860114B762CC00C62761 /* Canceled.png in Resources */,
				2B47860214B762CC00C62761 /* Canceled@2x.png in Resources */,
				2BAE779E14BE1B1D00D5EB6E /* blackArrow.png in Resources */,
				2BAE779F14BE1B1D00D5EB6E /* blackArrow@2x.png in Resources */,
				2BAE77A614BE40B600D5EB6E /* Icon-57.png in Resources */,
				2BAE77A714BE40B600D5EB6E /* Icon-72.png in Resources */,
				2BAE77A814BE40B600D5EB6E /* Icon-114.png in Resources */,
				2B801B2C14C4B957007A05BF /* README.txt in Resources */,
				2B801B2D14C4B957007A05BF /* release_notes.txt in Resources */,
				2B801B3614C4BED3007A05BF /* Default.png in Resources */,
				2B801B3714C4BED3007A05BF /* Default@2x.png in Resources */,
				2BBC398914C5DE41004D1EFB /* Localizable.strings in Resources */,
				2BBC398B14C5DE4B004D1EFB /* Localizable.strings in Resources */,
			);
			runOnlyForDeploymentPostprocessing = 0;
		};
		2BA1CB6B1450A74A00FFD02D /* Resources */ = {
			isa = PBXResourcesBuildPhase;
			buildActionMask = 2147483647;
			files = (
				2BA1CB7A1450A74A00FFD02D /* InfoPlist.strings in Resources */,
			);
			runOnlyForDeploymentPostprocessing = 0;
		};
/* End PBXResourcesBuildPhase section */

/* Begin PBXShellScriptBuildPhase section */
		2BA1CB6C1450A74A00FFD02D /* ShellScript */ = {
			isa = PBXShellScriptBuildPhase;
			buildActionMask = 2147483647;
			files = (
			);
			inputPaths = (
			);
			outputPaths = (
			);
			runOnlyForDeploymentPostprocessing = 0;
			shellPath = /bin/sh;
			shellScript = "# Run the unit tests in this test bundle.\n\"${SYSTEM_DEVELOPER_DIR}/Tools/RunUnitTests\"\n";
		};
/* End PBXShellScriptBuildPhase section */

/* Begin PBXSourcesBuildPhase section */
		2BA1CB461450A74A00FFD02D /* Sources */ = {
			isa = PBXSourcesBuildPhase;
			buildActionMask = 2147483647;
			files = (
				2BA1CB5B1450A74A00FFD02D /* main.m in Sources */,
				2BA1CB5F1450A74A00FFD02D /* HGAppDelegate.m in Sources */,
				2BA1CB681450A74A00FFD02D /* HGStrikeListTableViewController.m in Sources */,
				2B6D3966145895ED0015BEFA /* HGStrike.m in Sources */,
				2B6D396C145898700015BEFA /* HGCompany.m in Sources */,
				2B6D39741458A13A0015BEFA /* HGSubmitter.m in Sources */,
				2B7329F0145A0E4200EBEB56 /* HGSiteCommunicator.m in Sources */,
				2B7329F4145B670300EBEB56 /* HGStrikeDays.m in Sources */,
				2BF912661469DD9C001D41D3 /* PullRefreshTableViewController.m in Sources */,
				2B47860614B770F500C62761 /* HGMaybeStrikeThroughLabel.m in Sources */,
				2BFAB25814BBACF900CEF357 /* HGStrikeDetailViewController.m in Sources */,
			);
			runOnlyForDeploymentPostprocessing = 0;
		};
		2BA1CB691450A74A00FFD02D /* Sources */ = {
			isa = PBXSourcesBuildPhase;
			buildActionMask = 2147483647;
			files = (
				2BA1CB7D1450A74A00FFD02D /* Hagreve_MobileTests.m in Sources */,
				2B6D3967145895ED0015BEFA /* HGStrike.m in Sources */,
				2B6D396D145898700015BEFA /* HGCompany.m in Sources */,
				2B6D39751458A13A0015BEFA /* HGSubmitter.m in Sources */,
				2B7329F1145A0E4200EBEB56 /* HGSiteCommunicator.m in Sources */,
				2B7329F5145B670300EBEB56 /* HGStrikeDays.m in Sources */,
			);
			runOnlyForDeploymentPostprocessing = 0;
		};
/* End PBXSourcesBuildPhase section */

/* Begin PBXTargetDependency section */
		2BA1CB741450A74A00FFD02D /* PBXTargetDependency */ = {
			isa = PBXTargetDependency;
			target = 2BA1CB491450A74A00FFD02D /* Hagreve Mobile */;
			targetProxy = 2BA1CB731450A74A00FFD02D /* PBXContainerItemProxy */;
		};
/* End PBXTargetDependency section */

/* Begin PBXVariantGroup section */
		2BA1CB571450A74A00FFD02D /* InfoPlist.strings */ = {
			isa = PBXVariantGroup;
			children = (
				2BA1CB581450A74A00FFD02D /* en */,
			);
			name = InfoPlist.strings;
			sourceTree = "<group>";
		};
		2BA1CB631450A74A00FFD02D /* MainStoryboard_iPad.storyboard */ = {
			isa = PBXVariantGroup;
			children = (
				2BA1CB641450A74A00FFD02D /* en */,
			);
			name = MainStoryboard_iPad.storyboard;
			sourceTree = "<group>";
		};
		2BA1CB781450A74A00FFD02D /* InfoPlist.strings */ = {
			isa = PBXVariantGroup;
			children = (
				2BA1CB791450A74A00FFD02D /* en */,
			);
			name = InfoPlist.strings;
			sourceTree = "<group>";
		};
		2BBC398714C5DE41004D1EFB /* Localizable.strings */ = {
			isa = PBXVariantGroup;
			children = (
				2BBC398814C5DE41004D1EFB /* en */,
				2BBC398A14C5DE4B004D1EFB /* pt */,
			);
			name = Localizable.strings;
			sourceTree = "<group>";
		};
/* End PBXVariantGroup section */

/* Begin XCBuildConfiguration section */
		2B801B3814C4BFC0007A05BF /* Testflight */ = {
			isa = XCBuildConfiguration;
			buildSettings = {
				ALWAYS_SEARCH_USER_PATHS = NO;
				ARCHS = "$(ARCHS_STANDARD_32_BIT)";
				CLANG_ENABLE_OBJC_ARC = YES;
				CLANG_WARN_DEPRECATED_OBJC_IMPLEMENTATIONS = YES;
				CLANG_WARN_SUSPICIOUS_IMPLICIT_CONVERSION = YES;
				"CODE_SIGN_IDENTITY[sdk=iphoneos*]" = "iPhone Developer";
				COPY_PHASE_STRIP = NO;
				GCC_C_LANGUAGE_STANDARD = gnu99;
				GCC_DYNAMIC_NO_PIC = NO;
				GCC_OPTIMIZATION_LEVEL = 0;
				GCC_PREPROCESSOR_DEFINITIONS = (
					"TESTFLIGHT=1",
					"TESTFLIGHT_TOKEN=@\\\"\\\"",
					"$(inherited)",
				);
				GCC_SYMBOLS_PRIVATE_EXTERN = NO;
				GCC_VERSION = com.apple.compilers.llvm.clang.1_0;
				GCC_WARN_ABOUT_MISSING_FIELD_INITIALIZERS = YES;
				GCC_WARN_ABOUT_MISSING_NEWLINE = YES;
				GCC_WARN_ABOUT_MISSING_PROTOTYPES = YES;
				GCC_WARN_ABOUT_RETURN_TYPE = YES;
				GCC_WARN_INITIALIZER_NOT_FULLY_BRACKETED = YES;
				GCC_WARN_MULTIPLE_DEFINITION_TYPES_FOR_SELECTOR = YES;
				GCC_WARN_PEDANTIC = YES;
				GCC_WARN_SIGN_COMPARE = YES;
				GCC_WARN_STRICT_SELECTOR_MATCH = YES;
				GCC_WARN_UNDECLARED_SELECTOR = YES;
				GCC_WARN_UNINITIALIZED_AUTOS = YES;
				GCC_WARN_UNUSED_VARIABLE = YES;
				IPHONEOS_DEPLOYMENT_TARGET = 5.0;
				SDKROOT = iphoneos;
				TARGETED_DEVICE_FAMILY = 1;
			};
			name = Testflight;
		};
		2B801B3914C4BFC0007A05BF /* Testflight */ = {
			isa = XCBuildConfiguration;
			buildSettings = {
				CLANG_WARN_SUSPICIOUS_IMPLICIT_CONVERSION = YES;
				GCC_PRECOMPILE_PREFIX_HEADER = YES;
				GCC_PREFIX_HEADER = "Hagreve Mobile/Hagreve Mobile-Prefix.pch";
				GCC_WARN_PEDANTIC = YES;
				GCC_WARN_SIGN_COMPARE = YES;
				GCC_WARN_STRICT_SELECTOR_MATCH = YES;
				INFOPLIST_FILE = "Hagreve Mobile/Hagreve Mobile-Info.plist";
				LIBRARY_SEARCH_PATHS = (
					"$(inherited)",
					"\"$(SRCROOT)/TestFlightSDK0.8.2\"",
				);
				PRODUCT_NAME = "$(TARGET_NAME)";
				RUN_CLANG_STATIC_ANALYZER = YES;
				WRAPPER_EXTENSION = app;
			};
			name = Testflight;
		};
		2B801B3A14C4BFC0007A05BF /* Testflight */ = {
			isa = XCBuildConfiguration;
			buildSettings = {
				BUNDLE_LOADER = "$(BUILT_PRODUCTS_DIR)/Hagreve Mobile.app/Hagreve Mobile";
				FRAMEWORK_SEARCH_PATHS = (
					"$(SDKROOT)/Developer/Library/Frameworks",
					"$(DEVELOPER_LIBRARY_DIR)/Frameworks",
				);
				GCC_PRECOMPILE_PREFIX_HEADER = YES;
				GCC_PREFIX_HEADER = "Hagreve Mobile/Hagreve Mobile-Prefix.pch";
				INFOPLIST_FILE = "Hagreve MobileTests/Hagreve MobileTests-Info.plist";
				PRODUCT_NAME = "$(TARGET_NAME)";
				TEST_HOST = "$(BUNDLE_LOADER)";
				WRAPPER_EXTENSION = octest;
			};
			name = Testflight;
		};
		2BA1CB7E1450A74A00FFD02D /* Debug */ = {
			isa = XCBuildConfiguration;
			buildSettings = {
				ALWAYS_SEARCH_USER_PATHS = NO;
				ARCHS = "$(ARCHS_STANDARD_32_BIT)";
				CLANG_ENABLE_OBJC_ARC = YES;
				CLANG_WARN_DEPRECATED_OBJC_IMPLEMENTATIONS = YES;
				CLANG_WARN_SUSPICIOUS_IMPLICIT_CONVERSION = YES;
				"CODE_SIGN_IDENTITY[sdk=iphoneos*]" = "iPhone Developer";
				COPY_PHASE_STRIP = NO;
				GCC_C_LANGUAGE_STANDARD = gnu99;
				GCC_DYNAMIC_NO_PIC = NO;
				GCC_OPTIMIZATION_LEVEL = 0;
				GCC_PREPROCESSOR_DEFINITIONS = (
					"DEBUG=1",
					"$(inherited)",
				);
				GCC_SYMBOLS_PRIVATE_EXTERN = NO;
				GCC_VERSION = com.apple.compilers.llvm.clang.1_0;
				GCC_WARN_ABOUT_MISSING_FIELD_INITIALIZERS = YES;
				GCC_WARN_ABOUT_MISSING_NEWLINE = YES;
				GCC_WARN_ABOUT_MISSING_PROTOTYPES = YES;
				GCC_WARN_ABOUT_RETURN_TYPE = YES;
				GCC_WARN_INITIALIZER_NOT_FULLY_BRACKETED = YES;
				GCC_WARN_MULTIPLE_DEFINITION_TYPES_FOR_SELECTOR = YES;
				GCC_WARN_PEDANTIC = YES;
				GCC_WARN_SIGN_COMPARE = YES;
				GCC_WARN_STRICT_SELECTOR_MATCH = YES;
				GCC_WARN_UNDECLARED_SELECTOR = YES;
				GCC_WARN_UNINITIALIZED_AUTOS = YES;
				GCC_WARN_UNUSED_VARIABLE = YES;
				IPHONEOS_DEPLOYMENT_TARGET = 5.0;
				SDKROOT = iphoneos;
				TARGETED_DEVICE_FAMILY = 1;
			};
			name = Debug;
		};
		2BA1CB7F1450A74A00FFD02D /* Release */ = {
			isa = XCBuildConfiguration;
			buildSettings = {
				ALWAYS_SEARCH_USER_PATHS = NO;
				ARCHS = "$(ARCHS_STANDARD_32_BIT)";
				CLANG_ENABLE_OBJC_ARC = YES;
				CLANG_WARN_DEPRECATED_OBJC_IMPLEMENTATIONS = YES;
				CLANG_WARN_SUSPICIOUS_IMPLICIT_CONVERSION = YES;
				"CODE_SIGN_IDENTITY[sdk=iphoneos*]" = "iPhone Developer";
				COPY_PHASE_STRIP = YES;
				GCC_C_LANGUAGE_STANDARD = gnu99;
				GCC_VERSION = com.apple.compilers.llvm.clang.1_0;
				GCC_WARN_ABOUT_MISSING_FIELD_INITIALIZERS = YES;
				GCC_WARN_ABOUT_MISSING_NEWLINE = YES;
				GCC_WARN_ABOUT_MISSING_PROTOTYPES = YES;
				GCC_WARN_ABOUT_RETURN_TYPE = YES;
				GCC_WARN_INITIALIZER_NOT_FULLY_BRACKETED = YES;
				GCC_WARN_MULTIPLE_DEFINITION_TYPES_FOR_SELECTOR = YES;
				GCC_WARN_PEDANTIC = YES;
				GCC_WARN_SIGN_COMPARE = YES;
				GCC_WARN_STRICT_SELECTOR_MATCH = YES;
				GCC_WARN_UNDECLARED_SELECTOR = YES;
				GCC_WARN_UNINITIALIZED_AUTOS = YES;
				GCC_WARN_UNUSED_VARIABLE = YES;
				IPHONEOS_DEPLOYMENT_TARGET = 5.0;
				OTHER_CFLAGS = "-DNS_BLOCK_ASSERTIONS=1";
				SDKROOT = iphoneos;
				TARGETED_DEVICE_FAMILY = 1;
				VALIDATE_PRODUCT = YES;
			};
			name = Release;
		};
		2BA1CB811450A74A00FFD02D /* Debug */ = {
			isa = XCBuildConfiguration;
			buildSettings = {
				CLANG_WARN_SUSPICIOUS_IMPLICIT_CONVERSION = YES;
				GCC_PRECOMPILE_PREFIX_HEADER = YES;
				GCC_PREFIX_HEADER = "Hagreve Mobile/Hagreve Mobile-Prefix.pch";
				GCC_WARN_PEDANTIC = YES;
				GCC_WARN_SIGN_COMPARE = YES;
				GCC_WARN_STRICT_SELECTOR_MATCH = YES;
				INFOPLIST_FILE = "Hagreve Mobile/Hagreve Mobile-Info.plist";
				LIBRARY_SEARCH_PATHS = (
					"$(inherited)",
					"\"$(SRCROOT)/TestFlightSDK0.8.2\"",
				);
				PRODUCT_NAME = "$(TARGET_NAME)";
				RUN_CLANG_STATIC_ANALYZER = YES;
				WRAPPER_EXTENSION = app;
			};
			name = Debug;
		};
		2BA1CB821450A74A00FFD02D /* Release */ = {
			isa = XCBuildConfiguration;
			buildSettings = {
				CLANG_WARN_SUSPICIOUS_IMPLICIT_CONVERSION = YES;
				GCC_PRECOMPILE_PREFIX_HEADER = YES;
				GCC_PREFIX_HEADER = "Hagreve Mobile/Hagreve Mobile-Prefix.pch";
				GCC_WARN_PEDANTIC = YES;
				GCC_WARN_SIGN_COMPARE = YES;
				GCC_WARN_STRICT_SELECTOR_MATCH = YES;
				INFOPLIST_FILE = "Hagreve Mobile/Hagreve Mobile-Info.plist";
				LIBRARY_SEARCH_PATHS = (
					"$(inherited)",
					"\"$(SRCROOT)/TestFlightSDK0.8.2\"",
				);
				PRODUCT_NAME = "$(TARGET_NAME)";
				RUN_CLANG_STATIC_ANALYZER = YES;
				WRAPPER_EXTENSION = app;
			};
			name = Release;
		};
		2BA1CB841450A74A00FFD02D /* Debug */ = {
			isa = XCBuildConfiguration;
			buildSettings = {
				BUNDLE_LOADER = "$(BUILT_PRODUCTS_DIR)/Hagreve Mobile.app/Hagreve Mobile";
				FRAMEWORK_SEARCH_PATHS = (
					"$(SDKROOT)/Developer/Library/Frameworks",
					"$(DEVELOPER_LIBRARY_DIR)/Frameworks",
				);
				GCC_PRECOMPILE_PREFIX_HEADER = YES;
				GCC_PREFIX_HEADER = "Hagreve Mobile/Hagreve Mobile-Prefix.pch";
				INFOPLIST_FILE = "Hagreve MobileTests/Hagreve MobileTests-Info.plist";
				PRODUCT_NAME = "$(TARGET_NAME)";
				TEST_HOST = "$(BUNDLE_LOADER)";
				WRAPPER_EXTENSION = octest;
			};
			name = Debug;
		};
		2BA1CB851450A74A00FFD02D /* Release */ = {
			isa = XCBuildConfiguration;
			buildSettings = {
				BUNDLE_LOADER = "$(BUILT_PRODUCTS_DIR)/Hagreve Mobile.app/Hagreve Mobile";
				FRAMEWORK_SEARCH_PATHS = (
					"$(SDKROOT)/Developer/Library/Frameworks",
					"$(DEVELOPER_LIBRARY_DIR)/Frameworks",
				);
				GCC_PRECOMPILE_PREFIX_HEADER = YES;
				GCC_PREFIX_HEADER = "Hagreve Mobile/Hagreve Mobile-Prefix.pch";
				INFOPLIST_FILE = "Hagreve MobileTests/Hagreve MobileTests-Info.plist";
				PRODUCT_NAME = "$(TARGET_NAME)";
				TEST_HOST = "$(BUNDLE_LOADER)";
				WRAPPER_EXTENSION = octest;
			};
			name = Release;
		};
/* End XCBuildConfiguration section */

/* Begin XCConfigurationList section */
		2BA1CB441450A74A00FFD02D /* Build configuration list for PBXProject "Hagreve Mobile" */ = {
			isa = XCConfigurationList;
			buildConfigurations = (
				2BA1CB7E1450A74A00FFD02D /* Debug */,
				2B801B3814C4BFC0007A05BF /* Testflight */,
				2BA1CB7F1450A74A00FFD02D /* Release */,
			);
			defaultConfigurationIsVisible = 0;
			defaultConfigurationName = Debug;
		};
		2BA1CB801450A74A00FFD02D /* Build configuration list for PBXNativeTarget "Hagreve Mobile" */ = {
			isa = XCConfigurationList;
			buildConfigurations = (
				2BA1CB811450A74A00FFD02D /* Debug */,
				2B801B3914C4BFC0007A05BF /* Testflight */,
				2BA1CB821450A74A00FFD02D /* Release */,
			);
			defaultConfigurationIsVisible = 0;
			defaultConfigurationName = Debug;
		};
		2BA1CB831450A74A00FFD02D /* Build configuration list for PBXNativeTarget "Hagreve MobileTests" */ = {
			isa = XCConfigurationList;
			buildConfigurations = (
				2BA1CB841450A74A00FFD02D /* Debug */,
				2B801B3A14C4BFC0007A05BF /* Testflight */,
				2BA1CB851450A74A00FFD02D /* Release */,
			);
			defaultConfigurationIsVisible = 0;
			defaultConfigurationName = Debug;
		};
/* End XCConfigurationList section */
	};
	rootObject = 2BA1CB411450A74A00FFD02D /* Project object */;
}
